<?xml version="1.0" encoding="utf-8"?>
<Project ToolsVersion="4.0" xmlns="http://schemas.microsoft.com/developer/msbuild/2003">
  <ItemGroup>
    <Filter Include="Source Files">
      <UniqueIdentifier>{4FC737F1-C7A5-4376-A066-2A32D752A2FF}</UniqueIdentifier>
      <Extensions>cpp;c;cc;cxx;def;odl;idl;hpj;bat;asm;asmx</Extensions>
    </Filter>
    <Filter Include="Header Files">
      <UniqueIdentifier>{93995380-89BD-4b04-88EB-625FBE52EBFB}</UniqueIdentifier>
      <Extensions>h;hpp;hxx;hm;inl;inc;xsd</Extensions>
    </Filter>
    <Filter Include="Resource Files">
      <UniqueIdentifier>{67DA6AB6-F800-4c08-8B7A-83BB121AAD01}</UniqueIdentifier>
      <Extensions>rc;ico;cur;bmp;dlg;rc2;rct;bin;rgs;gif;jpg;jpeg;jpe;resx;tiff;tif;png;wav;mfcribbon-ms</Extensions>
    </Filter>
  </ItemGroup>
  <ItemGroup>
    <Text Include="ReadMe.txt" />
  </ItemGroup>
  <ItemGroup>
    <ClInclude Include="Include\targetver.h">
      <Filter>Header Files</Filter>
    </ClInclude>
    <ClInclude Include="Include\TestClass.h">
      <Filter>Header Files</Filter>
    </ClInclude>
    <ClInclude Include="Include\stdafx.h">
      <Filter>Header Files</Filter>
    </ClInclude>
    <ClInclude Include="Include\OccluderBuffer.h">
      <Filter>Header Files</Filter>
    </ClInclude>
    <ClInclude Include="Include\MinMax.h">
      <Filter>Header Files</Filter>
    </ClInclude>
    <ClInclude Include="Include\Float3.h">
      <Filter>Header Files</Filter>
    </ClInclude>
    <ClInclude Include="Include\MatrixMM.h">
      <Filter>Header Files</Filter>
    </ClInclude>
    <ClInclude Include="Include\Float4MM.h">
      <Filter>Header Files</Filter>
    </ClInclude>
    <ClInclude Include="Include\Winding.h">
      <Filter>Header Files</Filter>
    </ClInclude>
    <ClInclude Include="Include\VisCatMath.h">
      <Filter>Header Files</Filter>
    </ClInclude>
    <ClInclude Include="Include\Side4.h">
      <Filter>Header Files</Filter>
    </ClInclude>
    <ClInclude Include="Include\memory_sse.h">
      <Filter>Header Files</Filter>
    </ClInclude>
    <ClInclude Include="Include\ScanLineBorderVertices.h">
      <Filter>Header Files</Filter>
    </ClInclude>
    <ClInclude Include="Include\sse_preset.h">
      <Filter>Header Files</Filter>
    </ClInclude>
    <ClInclude Include="Include\Enums.h">
      <Filter>Header Files</Filter>
    </ClInclude>
    <ClInclude Include="Include\dllexport.h">
      <Filter>Header Files</Filter>
    </ClInclude>
    <ClInclude Include="Include\MatrixU.h">
      <Filter>Header Files</Filter>
    </ClInclude>
    <ClInclude Include="Include\Tile.h">
      <Filter>Header Files</Filter>
    </ClInclude>
    <ClInclude Include="Include\Point.h">
      <Filter>Header Files</Filter>
    </ClInclude>
    <ClInclude Include="Include\DrawCallPin.h">
      <Filter>Header Files</Filter>
    </ClInclude>
    <ClInclude Include="Include\CohenSutherlandCode.h">
      <Filter>Header Files</Filter>
    </ClInclude>
  </ItemGroup>
  <ItemGroup>
    <ClCompile Include="Src\dllmain.cpp">
      <Filter>Source Files</Filter>
    </ClCompile>
    <ClCompile Include="Src\TestClass.cpp">
      <Filter>Source Files</Filter>
    </ClCompile>
    <ClCompile Include="Src\stdafx.cpp">
      <Filter>Source Files</Filter>
    </ClCompile>
    <ClCompile Include="Src\OccluderBuffer.cpp">
      <Filter>Source Files</Filter>
    </ClCompile>
    <ClCompile Include="Src\Float3.cpp">
      <Filter>Source Files</Filter>
    </ClCompile>
    <ClCompile Include="Src\MatrixMM.cpp">
      <Filter>Source Files</Filter>
    </ClCompile>
    <ClCompile Include="Src\Float4MM.cpp">
      <Filter>Source Files</Filter>
    </ClCompile>
    <ClCompile Include="Src\Side4.cpp">
      <Filter>Source Files</Filter>
    </ClCompile>
    <ClCompile Include="Src\OccluderBufferForOccludeeCheck.cpp">
      <Filter>Source Files</Filter>
    </ClCompile>
    <ClCompile Include="Src\OccluderBufferForCascadingBuffer.cpp">
      <Filter>Source Files</Filter>
    </ClCompile>
    <ClCompile Include="Src\memory_sse.cpp">
      <Filter>Source Files</Filter>
    </ClCompile>
    <ClCompile Include="Src\MatrixU.cpp">
      <Filter>Source Files</Filter>
    </ClCompile>
    <ClCompile Include="Src\Winding.cpp">
      <Filter>Source Files</Filter>
    </ClCompile>
    <ClCompile Include="Src\CohenSutherlandCode.cpp">
      <Filter>Source Files</Filter>
    </ClCompile>
    <ClCompile Include="Src\OccluderBufferForDrawWinding.cpp">
      <Filter>Source Files</Filter>
    </ClCompile>
  </ItemGroup>
</Project>